
Microsoft Visual Studio Solution File, Format Version 12.00
# Visual Studio 2015
Project("{FAE04EC0-301F-11D3-BF4B-00C04F79EFBC}") = "TowerDefence 1.0 – TO BE SOMETHING LATER.CSharp", "TowerDefence 1.0 – TO BE SOMETHING LATER.CSharp.csproj", "{09D078B6-68C7-29D7-457C-C683E3AF48DE}"
EndProject
Global
	GlobalSection(SolutionConfigurationPlatforms) = preSolution
		Debug|Any CPU = Debug|Any CPU
		Release|Any CPU = Release|Any CPU
	EndGlobalSection
	GlobalSection(ProjectConfigurationPlatforms) = postSolution
		{09D078B6-68C7-29D7-457C-C683E3AF48DE}.Debug|Any CPU.ActiveCfg = Debug|Any CPU
		{09D078B6-68C7-29D7-457C-C683E3AF48DE}.Debug|Any CPU.Build.0 = Debug|Any CPU
		{09D078B6-68C7-29D7-457C-C683E3AF48DE}.Release|Any CPU.ActiveCfg = Release|Any CPU
		{09D078B6-68C7-29D7-457C-C683E3AF48DE}.Release|Any CPU.Build.0 = Release|Any CPU
	EndGlobalSection
	GlobalSection(SolutionProperties) = preSolution
		HideSolutionNode = FALSE
	EndGlobalSection
EndGlobal
